// !$*UTF8*$!
{
	archiveVersion = 1;
	classes = {
	};
	objectVersion = 56;
	objects = {

/* Begin PBXBuildFile section */
		1504FA592A9150550006F3DE /* Gilroy-Bold.ttf in Resources */ = {isa = PBXBuildFile; fileRef = 1504FA582A9150550006F3DE /* Gilroy-Bold.ttf */; };
		1504FA5D2A9151A00006F3DE /* Fonts.swift in Sources */ = {isa = PBXBuildFile; fileRef = 1504FA5C2A9151A00006F3DE /* Fonts.swift */; };
		1504FA5F2A9153170006F3DE /* Colors.swift in Sources */ = {isa = PBXBuildFile; fileRef = 1504FA5E2A9153170006F3DE /* Colors.swift */; };
		1504FA612A91542A0006F3DE /* Gilroy-SemiBold.ttf in Resources */ = {isa = PBXBuildFile; fileRef = 1504FA602A91542A0006F3DE /* Gilroy-SemiBold.ttf */; };
		1504FA632A9154670006F3DE /* Gilroy-Medium.ttf in Resources */ = {isa = PBXBuildFile; fileRef = 1504FA622A9154670006F3DE /* Gilroy-Medium.ttf */; };
		1504FA662A9157770006F3DE /* CharactersCollectionViewCell.swift in Sources */ = {isa = PBXBuildFile; fileRef = 1504FA652A9157770006F3DE /* CharactersCollectionViewCell.swift */; };
		1504FA682A9163210006F3DE /* HeaderCollectionReusableView.swift in Sources */ = {isa = PBXBuildFile; fileRef = 1504FA672A9163210006F3DE /* HeaderCollectionReusableView.swift */; };
		1504FA6E2A92018A0006F3DE /* DetailsVC.swift in Sources */ = {isa = PBXBuildFile; fileRef = 1504FA6D2A92018A0006F3DE /* DetailsVC.swift */; };
		1504FA712A9204C80006F3DE /* HeaderCell.swift in Sources */ = {isa = PBXBuildFile; fileRef = 1504FA702A9204C80006F3DE /* HeaderCell.swift */; };
		1504FA732A921ABF0006F3DE /* HeaderForCells.swift in Sources */ = {isa = PBXBuildFile; fileRef = 1504FA722A921ABF0006F3DE /* HeaderForCells.swift */; };
		1504FA752A921E290006F3DE /* InfoCell.swift in Sources */ = {isa = PBXBuildFile; fileRef = 1504FA742A921E290006F3DE /* InfoCell.swift */; };
		1504FA772A921E320006F3DE /* OriginCell.swift in Sources */ = {isa = PBXBuildFile; fileRef = 1504FA762A921E320006F3DE /* OriginCell.swift */; };
		1504FA792A921E400006F3DE /* EpisodesCell.swift in Sources */ = {isa = PBXBuildFile; fileRef = 1504FA782A921E400006F3DE /* EpisodesCell.swift */; };
		1504FA7B2A9243E40006F3DE /* Texts.swift in Sources */ = {isa = PBXBuildFile; fileRef = 1504FA7A2A9243E40006F3DE /* Texts.swift */; };
		1504FA7E2A92784F0006F3DE /* NetworkService.swift in Sources */ = {isa = PBXBuildFile; fileRef = 1504FA7D2A92784F0006F3DE /* NetworkService.swift */; };
		1504FA822A9296E70006F3DE /* Extensions.swift in Sources */ = {isa = PBXBuildFile; fileRef = 1504FA812A9296E70006F3DE /* Extensions.swift */; };
		1504FA842A93513E0006F3DE /* Structs.swift in Sources */ = {isa = PBXBuildFile; fileRef = 1504FA832A93513E0006F3DE /* Structs.swift */; };
		1504FA882A93524A0006F3DE /* FactoryService.swift in Sources */ = {isa = PBXBuildFile; fileRef = 1504FA872A93524A0006F3DE /* FactoryService.swift */; };
		1576E9E52A912ACA00DD3759 /* AppDelegate.swift in Sources */ = {isa = PBXBuildFile; fileRef = 1576E9E42A912ACA00DD3759 /* AppDelegate.swift */; };
		1576E9E72A912ACA00DD3759 /* SceneDelegate.swift in Sources */ = {isa = PBXBuildFile; fileRef = 1576E9E62A912ACA00DD3759 /* SceneDelegate.swift */; };
		1576E9E92A912ACA00DD3759 /* CharactersVC.swift in Sources */ = {isa = PBXBuildFile; fileRef = 1576E9E82A912ACA00DD3759 /* CharactersVC.swift */; };
		1576E9EE2A912ACC00DD3759 /* Assets.xcassets in Resources */ = {isa = PBXBuildFile; fileRef = 1576E9ED2A912ACC00DD3759 /* Assets.xcassets */; };
		1576E9F12A912ACC00DD3759 /* LaunchScreen.storyboard in Resources */ = {isa = PBXBuildFile; fileRef = 1576E9EF2A912ACC00DD3759 /* LaunchScreen.storyboard */; };
/* End PBXBuildFile section */

/* Begin PBXContainerItemProxy section */
		1504FA912A9361DE0006F3DE /* PBXContainerItemProxy */ = {
			isa = PBXContainerItemProxy;
			containerPortal = 1576E9D92A912ACA00DD3759 /* Project object */;
			proxyType = 1;
			remoteGlobalIDString = 1576E9E02A912ACA00DD3759;
			remoteInfo = "Rick&MortyApp";
		};
/* End PBXContainerItemProxy section */

/* Begin PBXFileReference section */
		1504FA582A9150550006F3DE /* Gilroy-Bold.ttf */ = {isa = PBXFileReference; lastKnownFileType = file; path = "Gilroy-Bold.ttf"; sourceTree = "<group>"; };
		1504FA5C2A9151A00006F3DE /* Fonts.swift */ = {isa = PBXFileReference; lastKnownFileType = sourcecode.swift; path = Fonts.swift; sourceTree = "<group>"; };
		1504FA5E2A9153170006F3DE /* Colors.swift */ = {isa = PBXFileReference; lastKnownFileType = sourcecode.swift; path = Colors.swift; sourceTree = "<group>"; };
		1504FA602A91542A0006F3DE /* Gilroy-SemiBold.ttf */ = {isa = PBXFileReference; lastKnownFileType = file; path = "Gilroy-SemiBold.ttf"; sourceTree = "<group>"; };
		1504FA622A9154670006F3DE /* Gilroy-Medium.ttf */ = {isa = PBXFileReference; lastKnownFileType = file; path = "Gilroy-Medium.ttf"; sourceTree = "<group>"; };
		1504FA652A9157770006F3DE /* CharactersCollectionViewCell.swift */ = {isa = PBXFileReference; lastKnownFileType = sourcecode.swift; path = CharactersCollectionViewCell.swift; sourceTree = "<group>"; };
		1504FA672A9163210006F3DE /* HeaderCollectionReusableView.swift */ = {isa = PBXFileReference; lastKnownFileType = sourcecode.swift; path = HeaderCollectionReusableView.swift; sourceTree = "<group>"; };
		1504FA6D2A92018A0006F3DE /* DetailsVC.swift */ = {isa = PBXFileReference; lastKnownFileType = sourcecode.swift; path = DetailsVC.swift; sourceTree = "<group>"; };
		1504FA702A9204C80006F3DE /* HeaderCell.swift */ = {isa = PBXFileReference; lastKnownFileType = sourcecode.swift; path = HeaderCell.swift; sourceTree = "<group>"; };
		1504FA722A921ABF0006F3DE /* HeaderForCells.swift */ = {isa = PBXFileReference; lastKnownFileType = sourcecode.swift; path = HeaderForCells.swift; sourceTree = "<group>"; };
		1504FA742A921E290006F3DE /* InfoCell.swift */ = {isa = PBXFileReference; lastKnownFileType = sourcecode.swift; path = InfoCell.swift; sourceTree = "<group>"; };
		1504FA762A921E320006F3DE /* OriginCell.swift */ = {isa = PBXFileReference; lastKnownFileType = sourcecode.swift; path = OriginCell.swift; sourceTree = "<group>"; };
		1504FA782A921E400006F3DE /* EpisodesCell.swift */ = {isa = PBXFileReference; lastKnownFileType = sourcecode.swift; path = EpisodesCell.swift; sourceTree = "<group>"; };
		1504FA7A2A9243E40006F3DE /* Texts.swift */ = {isa = PBXFileReference; lastKnownFileType = sourcecode.swift; path = Texts.swift; sourceTree = "<group>"; };
		1504FA7D2A92784F0006F3DE /* NetworkService.swift */ = {isa = PBXFileReference; lastKnownFileType = sourcecode.swift; path = NetworkService.swift; sourceTree = "<group>"; };
		1504FA812A9296E70006F3DE /* Extensions.swift */ = {isa = PBXFileReference; lastKnownFileType = sourcecode.swift; path = Extensions.swift; sourceTree = "<group>"; };
		1504FA832A93513E0006F3DE /* Structs.swift */ = {isa = PBXFileReference; lastKnownFileType = sourcecode.swift; path = Structs.swift; sourceTree = "<group>"; };
		1504FA872A93524A0006F3DE /* FactoryService.swift */ = {isa = PBXFileReference; lastKnownFileType = sourcecode.swift; path = FactoryService.swift; sourceTree = "<group>"; };
		1504FA8D2A9361DE0006F3DE /* Rick&MortyAppTests.xctest */ = {isa = PBXFileReference; explicitFileType = wrapper.cfbundle; includeInIndex = 0; path = "Rick&MortyAppTests.xctest"; sourceTree = BUILT_PRODUCTS_DIR; };
		1576E9E12A912ACA00DD3759 /* Rick&MortyApp.app */ = {isa = PBXFileReference; explicitFileType = wrapper.application; includeInIndex = 0; path = "Rick&MortyApp.app"; sourceTree = BUILT_PRODUCTS_DIR; };
		1576E9E42A912ACA00DD3759 /* AppDelegate.swift */ = {isa = PBXFileReference; lastKnownFileType = sourcecode.swift; path = AppDelegate.swift; sourceTree = "<group>"; };
		1576E9E62A912ACA00DD3759 /* SceneDelegate.swift */ = {isa = PBXFileReference; lastKnownFileType = sourcecode.swift; path = SceneDelegate.swift; sourceTree = "<group>"; };
		1576E9E82A912ACA00DD3759 /* CharactersVC.swift */ = {isa = PBXFileReference; lastKnownFileType = sourcecode.swift; path = CharactersVC.swift; sourceTree = "<group>"; };
		1576E9ED2A912ACC00DD3759 /* Assets.xcassets */ = {isa = PBXFileReference; lastKnownFileType = folder.assetcatalog; path = Assets.xcassets; sourceTree = "<group>"; };
		1576E9F02A912ACC00DD3759 /* Base */ = {isa = PBXFileReference; lastKnownFileType = file.storyboard; name = Base; path = Base.lproj/LaunchScreen.storyboard; sourceTree = "<group>"; };
		1576E9F22A912ACC00DD3759 /* Info.plist */ = {isa = PBXFileReference; lastKnownFileType = text.plist.xml; path = Info.plist; sourceTree = "<group>"; };
/* End PBXFileReference section */

/* Begin PBXFrameworksBuildPhase section */
		1504FA8A2A9361DE0006F3DE /* Frameworks */ = {
			isa = PBXFrameworksBuildPhase;
			buildActionMask = 2147483647;
			files = (
			);
			runOnlyForDeploymentPostprocessing = 0;
		};
		1576E9DE2A912ACA00DD3759 /* Frameworks */ = {
			isa = PBXFrameworksBuildPhase;
			buildActionMask = 2147483647;
			files = (
			);
			runOnlyForDeploymentPostprocessing = 0;
		};
/* End PBXFrameworksBuildPhase section */

/* Begin PBXGroup section */
		1504FA572A914D8A0006F3DE /* Characters */ = {
			isa = PBXGroup;
			children = (
				1576E9E82A912ACA00DD3759 /* CharactersVC.swift */,
				1504FA642A9157520006F3DE /* Collection */,
			);
			path = Characters;
			sourceTree = "<group>";
		};
		1504FA5A2A9150600006F3DE /* Fonts */ = {
			isa = PBXGroup;
			children = (
				1504FA582A9150550006F3DE /* Gilroy-Bold.ttf */,
				1504FA602A91542A0006F3DE /* Gilroy-SemiBold.ttf */,
				1504FA622A9154670006F3DE /* Gilroy-Medium.ttf */,
			);
			path = Fonts;
			sourceTree = "<group>";
		};
		1504FA5B2A9151910006F3DE /* Constants */ = {
			isa = PBXGroup;
			children = (
				1504FA812A9296E70006F3DE /* Extensions.swift */,
				1504FA5C2A9151A00006F3DE /* Fonts.swift */,
				1504FA5E2A9153170006F3DE /* Colors.swift */,
				1504FA7A2A9243E40006F3DE /* Texts.swift */,
			);
			path = Constants;
			sourceTree = "<group>";
		};
		1504FA642A9157520006F3DE /* Collection */ = {
			isa = PBXGroup;
			children = (
				1504FA672A9163210006F3DE /* HeaderCollectionReusableView.swift */,
				1504FA652A9157770006F3DE /* CharactersCollectionViewCell.swift */,
			);
			path = Collection;
			sourceTree = "<group>";
		};
		1504FA6C2A9201460006F3DE /* CharacterDetails */ = {
			isa = PBXGroup;
			children = (
				1504FA6D2A92018A0006F3DE /* DetailsVC.swift */,
				1504FA6F2A92046B0006F3DE /* Cells */,
			);
			path = CharacterDetails;
			sourceTree = "<group>";
		};
		1504FA6F2A92046B0006F3DE /* Cells */ = {
			isa = PBXGroup;
			children = (
				1504FA702A9204C80006F3DE /* HeaderCell.swift */,
				1504FA722A921ABF0006F3DE /* HeaderForCells.swift */,
				1504FA742A921E290006F3DE /* InfoCell.swift */,
				1504FA762A921E320006F3DE /* OriginCell.swift */,
				1504FA782A921E400006F3DE /* EpisodesCell.swift */,
			);
			path = Cells;
			sourceTree = "<group>";
		};
		1504FA7C2A9278240006F3DE /* Network Service */ = {
			isa = PBXGroup;
			children = (
				1504FA832A93513E0006F3DE /* Structs.swift */,
				1504FA7D2A92784F0006F3DE /* NetworkService.swift */,
			);
			path = "Network Service";
			sourceTree = "<group>";
		};
		1504FA852A9351B30006F3DE /* Views */ = {
			isa = PBXGroup;
			children = (
				1576E9EF2A912ACC00DD3759 /* LaunchScreen.storyboard */,
				1504FA572A914D8A0006F3DE /* Characters */,
				1504FA6C2A9201460006F3DE /* CharacterDetails */,
			);
			path = Views;
			sourceTree = "<group>";
		};
		1504FA862A9352350006F3DE /* Factory */ = {
			isa = PBXGroup;
			children = (
				1504FA872A93524A0006F3DE /* FactoryService.swift */,
			);
			path = Factory;
			sourceTree = "<group>";
		};
		1576E9D82A912ACA00DD3759 = {
			isa = PBXGroup;
			children = (
				1576E9E32A912ACA00DD3759 /* Rick&MortyApp */,
				1576E9E22A912ACA00DD3759 /* Products */,
			);
			sourceTree = "<group>";
		};
		1576E9E22A912ACA00DD3759 /* Products */ = {
			isa = PBXGroup;
			children = (
				1576E9E12A912ACA00DD3759 /* Rick&MortyApp.app */,
				1504FA8D2A9361DE0006F3DE /* Rick&MortyAppTests.xctest */,
			);
			name = Products;
			sourceTree = "<group>";
		};
		1576E9E32A912ACA00DD3759 /* Rick&MortyApp */ = {
			isa = PBXGroup;
			children = (
				1576E9E42A912ACA00DD3759 /* AppDelegate.swift */,
				1576E9E62A912ACA00DD3759 /* SceneDelegate.swift */,
				1504FA862A9352350006F3DE /* Factory */,
				1504FA852A9351B30006F3DE /* Views */,
				1504FA7C2A9278240006F3DE /* Network Service */,
				1504FA5B2A9151910006F3DE /* Constants */,
				1504FA5A2A9150600006F3DE /* Fonts */,
				1576E9ED2A912ACC00DD3759 /* Assets.xcassets */,
				1576E9F22A912ACC00DD3759 /* Info.plist */,
			);
			path = "Rick&MortyApp";
			sourceTree = "<group>";
		};
/* End PBXGroup section */

/* Begin PBXNativeTarget section */
		1504FA8C2A9361DE0006F3DE /* Rick&MortyAppTests */ = {
			isa = PBXNativeTarget;
			buildConfigurationList = 1504FA932A9361DE0006F3DE /* Build configuration list for PBXNativeTarget "Rick&MortyAppTests" */;
			buildPhases = (
				1504FA892A9361DE0006F3DE /* Sources */,
				1504FA8A2A9361DE0006F3DE /* Frameworks */,
				1504FA8B2A9361DE0006F3DE /* Resources */,
			);
			buildRules = (
			);
			dependencies = (
				1504FA922A9361DE0006F3DE /* PBXTargetDependency */,
			);
			name = "Rick&MortyAppTests";
			productName = "Rick&MortyAppTests";
			productReference = 1504FA8D2A9361DE0006F3DE /* Rick&MortyAppTests.xctest */;
			productType = "com.apple.product-type.bundle.unit-test";
		};
		1576E9E02A912ACA00DD3759 /* Rick&MortyApp */ = {
			isa = PBXNativeTarget;
			buildConfigurationList = 1576E9F52A912ACC00DD3759 /* Build configuration list for PBXNativeTarget "Rick&MortyApp" */;
			buildPhases = (
				1576E9DD2A912ACA00DD3759 /* Sources */,
				1576E9DE2A912ACA00DD3759 /* Frameworks */,
				1576E9DF2A912ACA00DD3759 /* Resources */,
			);
			buildRules = (
			);
			dependencies = (
			);
			name = "Rick&MortyApp";
			productName = "Rick&MortyApp";
			productReference = 1576E9E12A912ACA00DD3759 /* Rick&MortyApp.app */;
			productType = "com.apple.product-type.application";
		};
/* End PBXNativeTarget section */

/* Begin PBXProject section */
		1576E9D92A912ACA00DD3759 /* Project object */ = {
			isa = PBXProject;
			attributes = {
				BuildIndependentTargetsInParallel = 1;
				LastSwiftUpdateCheck = 1430;
				LastUpgradeCheck = 1430;
				TargetAttributes = {
					1504FA8C2A9361DE0006F3DE = {
						CreatedOnToolsVersion = 14.3;
						TestTargetID = 1576E9E02A912ACA00DD3759;
					};
					1576E9E02A912ACA00DD3759 = {
						CreatedOnToolsVersion = 14.3;
					};
				};
			};
			buildConfigurationList = 1576E9DC2A912ACA00DD3759 /* Build configuration list for PBXProject "Rick&MortyApp" */;
			compatibilityVersion = "Xcode 14.0";
			developmentRegion = en;
			hasScannedForEncodings = 0;
			knownRegions = (
				en,
				Base,
			);
			mainGroup = 1576E9D82A912ACA00DD3759;
			productRefGroup = 1576E9E22A912ACA00DD3759 /* Products */;
			projectDirPath = "";
			projectRoot = "";
			targets = (
				1576E9E02A912ACA00DD3759 /* Rick&MortyApp */,
				1504FA8C2A9361DE0006F3DE /* Rick&MortyAppTests */,
			);
		};
/* End PBXProject section */

/* Begin PBXResourcesBuildPhase section */
		1504FA8B2A9361DE0006F3DE /* Resources */ = {
			isa = PBXResourcesBuildPhase;
			buildActionMask = 2147483647;
			files = (
			);
			runOnlyForDeploymentPostprocessing = 0;
		};
		1576E9DF2A912ACA00DD3759 /* Resources */ = {
			isa = PBXResourcesBuildPhase;
			buildActionMask = 2147483647;
			files = (
				1504FA592A9150550006F3DE /* Gilroy-Bold.ttf in Resources */,
				1504FA612A91542A0006F3DE /* Gilroy-SemiBold.ttf in Resources */,
				1504FA632A9154670006F3DE /* Gilroy-Medium.ttf in Resources */,
				1576E9F12A912ACC00DD3759 /* LaunchScreen.storyboard in Resources */,
				1576E9EE2A912ACC00DD3759 /* Assets.xcassets in Resources */,
			);
			runOnlyForDeploymentPostprocessing = 0;
		};
/* End PBXResourcesBuildPhase section */

/* Begin PBXSourcesBuildPhase section */
		1504FA892A9361DE0006F3DE /* Sources */ = {
			isa = PBXSourcesBuildPhase;
			buildActionMask = 2147483647;
			files = (
			);
			runOnlyForDeploymentPostprocessing = 0;
		};
		1576E9DD2A912ACA00DD3759 /* Sources */ = {
			isa = PBXSourcesBuildPhase;
			buildActionMask = 2147483647;
			files = (
				1504FA5D2A9151A00006F3DE /* Fonts.swift in Sources */,
				1504FA682A9163210006F3DE /* HeaderCollectionReusableView.swift in Sources */,
				1504FA7B2A9243E40006F3DE /* Texts.swift in Sources */,
				1504FA792A921E400006F3DE /* EpisodesCell.swift in Sources */,
				1504FA5F2A9153170006F3DE /* Colors.swift in Sources */,
				1504FA6E2A92018A0006F3DE /* DetailsVC.swift in Sources */,
				1504FA882A93524A0006F3DE /* FactoryService.swift in Sources */,
				1504FA732A921ABF0006F3DE /* HeaderForCells.swift in Sources */,
				1504FA712A9204C80006F3DE /* HeaderCell.swift in Sources */,
				1576E9E92A912ACA00DD3759 /* CharactersVC.swift in Sources */,
				1504FA772A921E320006F3DE /* OriginCell.swift in Sources */,
				1576E9E52A912ACA00DD3759 /* AppDelegate.swift in Sources */,
				1504FA842A93513E0006F3DE /* Structs.swift in Sources */,
				1504FA822A9296E70006F3DE /* Extensions.swift in Sources */,
				1504FA662A9157770006F3DE /* CharactersCollectionViewCell.swift in Sources */,
				1504FA7E2A92784F0006F3DE /* NetworkService.swift in Sources */,
				1576E9E72A912ACA00DD3759 /* SceneDelegate.swift in Sources */,
				1504FA752A921E290006F3DE /* InfoCell.swift in Sources */,
			);
			runOnlyForDeploymentPostprocessing = 0;
		};
/* End PBXSourcesBuildPhase section */

/* Begin PBXTargetDependency section */
		1504FA922A9361DE0006F3DE /* PBXTargetDependency */ = {
			isa = PBXTargetDependency;
			target = 1576E9E02A912ACA00DD3759 /* Rick&MortyApp */;
			targetProxy = 1504FA912A9361DE0006F3DE /* PBXContainerItemProxy */;
		};
/* End PBXTargetDependency section */

/* Begin PBXVariantGroup section */
		1576E9EF2A912ACC00DD3759 /* LaunchScreen.storyboard */ = {
			isa = PBXVariantGroup;
			children = (
				1576E9F02A912ACC00DD3759 /* Base */,
			);
			name = LaunchScreen.storyboard;
			sourceTree = "<group>";
		};
/* End PBXVariantGroup section */

/* Begin XCBuildConfiguration section */
		1504FA942A9361DE0006F3DE /* Debug */ = {
			isa = XCBuildConfiguration;
			buildSettings = {
				BUNDLE_LOADER = "$(TEST_HOST)";
				CODE_SIGN_STYLE = Automatic;
				CURRENT_PROJECT_VERSION = 1;
				DEVELOPMENT_TEAM = K6ZU9JRTA2;
				GENERATE_INFOPLIST_FILE = YES;
				MARKETING_VERSION = 1.0;
				PRODUCT_BUNDLE_IDENTIFIER = "Sokolov.Rick-MortyAppTests";
				PRODUCT_NAME = "$(TARGET_NAME)";
				SWIFT_EMIT_LOC_STRINGS = NO;
				SWIFT_VERSION = 5.0;
				TARGETED_DEVICE_FAMILY = "1,2";
				TEST_HOST = "$(BUILT_PRODUCTS_DIR)/Rick&MortyApp.app/$(BUNDLE_EXECUTABLE_FOLDER_PATH)/Rick&MortyApp";
			};
			name = Debug;
		};
		1504FA952A9361DE0006F3DE /* Release */ = {
			isa = XCBuildConfiguration;
			buildSettings = {
				BUNDLE_LOADER = "$(TEST_HOST)";
				CODE_SIGN_STYLE = Automatic;
				CURRENT_PROJECT_VERSION = 1;
				DEVELOPMENT_TEAM = K6ZU9JRTA2;
				GENERATE_INFOPLIST_FILE = YES;
				MARKETING_VERSION = 1.0;
				PRODUCT_BUNDLE_IDENTIFIER = "Sokolov.Rick-MortyAppTests";
				PRODUCT_NAME = "$(TARGET_NAME)";
				SWIFT_EMIT_LOC_STRINGS = NO;
				SWIFT_VERSION = 5.0;
				TARGETED_DEVICE_FAMILY = "1,2";
				TEST_HOST = "$(BUILT_PRODUCTS_DIR)/Rick&MortyApp.app/$(BUNDLE_EXECUTABLE_FOLDER_PATH)/Rick&MortyApp";
			};
			name = Release;
		};
		1576E9F32A912ACC00DD3759 /* Debug */ = {
			isa = XCBuildConfiguration;
			buildSettings = {
				ALWAYS_SEARCH_USER_PATHS = NO;
				CLANG_ANALYZER_NONNULL = YES;
				CLANG_ANALYZER_NUMBER_OBJECT_CONVERSION = YES_AGGRESSIVE;
				CLANG_CXX_LANGUAGE_STANDARD = "gnu++20";
				CLANG_ENABLE_MODULES = YES;
				CLANG_ENABLE_OBJC_ARC = YES;
				CLANG_ENABLE_OBJC_WEAK = YES;
				CLANG_WARN_BLOCK_CAPTURE_AUTORELEASING = YES;
				CLANG_WARN_BOOL_CONVERSION = YES;
				CLANG_WARN_COMMA = YES;
				CLANG_WARN_CONSTANT_CONVERSION = YES;
				CLANG_WARN_DEPRECATED_OBJC_IMPLEMENTATIONS = YES;
				CLANG_WARN_DIRECT_OBJC_ISA_USAGE = YES_ERROR;
				CLANG_WARN_DOCUMENTATION_COMMENTS = YES;
				CLANG_WARN_EMPTY_BODY = YES;
				CLANG_WARN_ENUM_CONVERSION = YES;
				CLANG_WARN_INFINITE_RECURSION = YES;
				CLANG_WARN_INT_CONVERSION = YES;
				CLANG_WARN_NON_LITERAL_NULL_CONVERSION = YES;
				CLANG_WARN_OBJC_IMPLICIT_RETAIN_SELF = YES;
				CLANG_WARN_OBJC_LITERAL_CONVERSION = YES;
				CLANG_WARN_OBJC_ROOT_CLASS = YES_ERROR;
				CLANG_WARN_QUOTED_INCLUDE_IN_FRAMEWORK_HEADER = YES;
				CLANG_WARN_RANGE_LOOP_ANALYSIS = YES;
				CLANG_WARN_STRICT_PROTOTYPES = YES;
				CLANG_WARN_SUSPICIOUS_MOVE = YES;
				CLANG_WARN_UNGUARDED_AVAILABILITY = YES_AGGRESSIVE;
				CLANG_WARN_UNREACHABLE_CODE = YES;
				CLANG_WARN__DUPLICATE_METHOD_MATCH = YES;
				COPY_PHASE_STRIP = NO;
				DEBUG_INFORMATION_FORMAT = dwarf;
				ENABLE_STRICT_OBJC_MSGSEND = YES;
				ENABLE_TESTABILITY = YES;
				GCC_C_LANGUAGE_STANDARD = gnu11;
				GCC_DYNAMIC_NO_PIC = NO;
				GCC_NO_COMMON_BLOCKS = YES;
				GCC_OPTIMIZATION_LEVEL = 0;
				GCC_PREPROCESSOR_DEFINITIONS = (
					"DEBUG=1",
					"$(inherited)",
				);
				GCC_WARN_64_TO_32_BIT_CONVERSION = YES;
				GCC_WARN_ABOUT_RETURN_TYPE = YES_ERROR;
				GCC_WARN_UNDECLARED_SELECTOR = YES;
				GCC_WARN_UNINITIALIZED_AUTOS = YES_AGGRESSIVE;
				GCC_WARN_UNUSED_FUNCTION = YES;
				GCC_WARN_UNUSED_VARIABLE = YES;
				IPHONEOS_DEPLOYMENT_TARGET = 16.4;
				MTL_ENABLE_DEBUG_INFO = INCLUDE_SOURCE;
				MTL_FAST_MATH = YES;
				ONLY_ACTIVE_ARCH = YES;
				SDKROOT = iphoneos;
				SWIFT_ACTIVE_COMPILATION_CONDITIONS = DEBUG;
				SWIFT_OPTIMIZATION_LEVEL = "-Onone";
			};
			name = Debug;
		};
		1576E9F42A912ACC00DD3759 /* Release */ = {
			isa = XCBuildConfiguration;
			buildSettings = {
				ALWAYS_SEARCH_USER_PATHS = NO;
				CLANG_ANALYZER_NONNULL = YES;
				CLANG_ANALYZER_NUMBER_OBJECT_CONVERSION = YES_AGGRESSIVE;
				CLANG_CXX_LANGUAGE_STANDARD = "gnu++20";
				CLANG_ENABLE_MODULES = YES;
				CLANG_ENABLE_OBJC_ARC = YES;
				CLANG_ENABLE_OBJC_WEAK = YES;
				CLANG_WARN_BLOCK_CAPTURE_AUTORELEASING = YES;
				CLANG_WARN_BOOL_CONVERSION = YES;
				CLANG_WARN_COMMA = YES;
				CLANG_WARN_CONSTANT_CONVERSION = YES;
				CLANG_WARN_DEPRECATED_OBJC_IMPLEMENTATIONS = YES;
				CLANG_WARN_DIRECT_OBJC_ISA_USAGE = YES_ERROR;
				CLANG_WARN_DOCUMENTATION_COMMENTS = YES;
				CLANG_WARN_EMPTY_BODY = YES;
				CLANG_WARN_ENUM_CONVERSION = YES;
				CLANG_WARN_INFINITE_RECURSION = YES;
				CLANG_WARN_INT_CONVERSION = YES;
				CLANG_WARN_NON_LITERAL_NULL_CONVERSION = YES;
				CLANG_WARN_OBJC_IMPLICIT_RETAIN_SELF = YES;
				CLANG_WARN_OBJC_LITERAL_CONVERSION = YES;
				CLANG_WARN_OBJC_ROOT_CLASS = YES_ERROR;
				CLANG_WARN_QUOTED_INCLUDE_IN_FRAMEWORK_HEADER = YES;
				CLANG_WARN_RANGE_LOOP_ANALYSIS = YES;
				CLANG_WARN_STRICT_PROTOTYPES = YES;
				CLANG_WARN_SUSPICIOUS_MOVE = YES;
				CLANG_WARN_UNGUARDED_AVAILABILITY = YES_AGGRESSIVE;
				CLANG_WARN_UNREACHABLE_CODE = YES;
				CLANG_WARN__DUPLICATE_METHOD_MATCH = YES;
				COPY_PHASE_STRIP = NO;
				DEBUG_INFORMATION_FORMAT = "dwarf-with-dsym";
				ENABLE_NS_ASSERTIONS = NO;
				ENABLE_STRICT_OBJC_MSGSEND = YES;
				GCC_C_LANGUAGE_STANDARD = gnu11;
				GCC_NO_COMMON_BLOCKS = YES;
				GCC_WARN_64_TO_32_BIT_CONVERSION = YES;
				GCC_WARN_ABOUT_RETURN_TYPE = YES_ERROR;
				GCC_WARN_UNDECLARED_SELECTOR = YES;
				GCC_WARN_UNINITIALIZED_AUTOS = YES_AGGRESSIVE;
				GCC_WARN_UNUSED_FUNCTION = YES;
				GCC_WARN_UNUSED_VARIABLE = YES;
				IPHONEOS_DEPLOYMENT_TARGET = 16.4;
				MTL_ENABLE_DEBUG_INFO = NO;
				MTL_FAST_MATH = YES;
				SDKROOT = iphoneos;
				SWIFT_COMPILATION_MODE = wholemodule;
				SWIFT_OPTIMIZATION_LEVEL = "-O";
				VALIDATE_PRODUCT = YES;
			};
			name = Release;
		};
		1576E9F62A912ACC00DD3759 /* Debug */ = {
			isa = XCBuildConfiguration;
			buildSettings = {
				ASSETCATALOG_COMPILER_APPICON_NAME = AppIcon;
				ASSETCATALOG_COMPILER_GLOBAL_ACCENT_COLOR_NAME = AccentColor;
				CODE_SIGN_STYLE = Automatic;
				CURRENT_PROJECT_VERSION = 1;
				DEVELOPMENT_TEAM = K6ZU9JRTA2;
				GENERATE_INFOPLIST_FILE = YES;
				INFOPLIST_FILE = "Rick&MortyApp/Info.plist";
				INFOPLIST_KEY_UIApplicationSupportsIndirectInputEvents = YES;
				INFOPLIST_KEY_UILaunchStoryboardName = LaunchScreen;
				INFOPLIST_KEY_UIStatusBarStyle = UIStatusBarStyleDarkContent;
				INFOPLIST_KEY_UISupportedInterfaceOrientations = "UIInterfaceOrientationLandscapeLeft UIInterfaceOrientationLandscapeRight UIInterfaceOrientationPortrait";
				INFOPLIST_KEY_UISupportedInterfaceOrientations_iPad = "UIInterfaceOrientationLandscapeLeft UIInterfaceOrientationLandscapeRight UIInterfaceOrientationPortrait UIInterfaceOrientationPortraitUpsideDown";
				LD_RUNPATH_SEARCH_PATHS = (
					"$(inherited)",
					"@executable_path/Frameworks",
				);
				MARKETING_VERSION = 1.0;
				PRODUCT_BUNDLE_IDENTIFIER = "Sokolov.Rick-MortyApp";
				PRODUCT_NAME = "$(TARGET_NAME)";
				SWIFT_EMIT_LOC_STRINGS = YES;
				SWIFT_VERSION = 5.0;
				TARGETED_DEVICE_FAMILY = "1,2";
			};
			name = Debug;
		};
		1576E9F72A912ACC00DD3759 /* Release */ = {
			isa = XCBuildConfiguration;
			buildSettings = {
				ASSETCATALOG_COMPILER_APPICON_NAME = AppIcon;
				ASSETCATALOG_COMPILER_GLOBAL_ACCENT_COLOR_NAME = AccentColor;
				CODE_SIGN_STYLE = Automatic;
				CURRENT_PROJECT_VERSION = 1;
				DEVELOPMENT_TEAM = K6ZU9JRTA2;
				GENERATE_INFOPLIST_FILE = YES;
				INFOPLIST_FILE = "Rick&MortyApp/Info.plist";
				INFOPLIST_KEY_UIApplicationSupportsIndirectInputEvents = YES;
				INFOPLIST_KEY_UILaunchStoryboardName = LaunchScreen;
				INFOPLIST_KEY_UIStatusBarStyle = UIStatusBarStyleDarkContent;
				INFOPLIST_KEY_UISupportedInterfaceOrientations = "UIInterfaceOrientationLandscapeLeft UIInterfaceOrientationLandscapeRight UIInterfaceOrientationPortrait";
				INFOPLIST_KEY_UISupportedInterfaceOrientations_iPad = "UIInterfaceOrientationLandscapeLeft UIInterfaceOrientationLandscapeRight UIInterfaceOrientationPortrait UIInterfaceOrientationPortraitUpsideDown";
				LD_RUNPATH_SEARCH_PATHS = (
					"$(inherited)",
					"@executable_path/Frameworks",
				);
				MARKETING_VERSION = 1.0;
				PRODUCT_BUNDLE_IDENTIFIER = "Sokolov.Rick-MortyApp";
				PRODUCT_NAME = "$(TARGET_NAME)";
				SWIFT_EMIT_LOC_STRINGS = YES;
				SWIFT_VERSION = 5.0;
				TARGETED_DEVICE_FAMILY = "1,2";
			};
			name = Release;
		};
/* End XCBuildConfiguration section */

/* Begin XCConfigurationList section */
		1504FA932A9361DE0006F3DE /* Build configuration list for PBXNativeTarget "Rick&MortyAppTests" */ = {
			isa = XCConfigurationList;
			buildConfigurations = (
				1504FA942A9361DE0006F3DE /* Debug */,
				1504FA952A9361DE0006F3DE /* Release */,
			);
			defaultConfigurationIsVisible = 0;
			defaultConfigurationName = Release;
		};
		1576E9DC2A912ACA00DD3759 /* Build configuration list for PBXProject "Rick&MortyApp" */ = {
			isa = XCConfigurationList;
			buildConfigurations = (
				1576E9F32A912ACC00DD3759 /* Debug */,
				1576E9F42A912ACC00DD3759 /* Release */,
			);
			defaultConfigurationIsVisible = 0;
			defaultConfigurationName = Release;
		};
		1576E9F52A912ACC00DD3759 /* Build configuration list for PBXNativeTarget "Rick&MortyApp" */ = {
			isa = XCConfigurationList;
			buildConfigurations = (
				1576E9F62A912ACC00DD3759 /* Debug */,
				1576E9F72A912ACC00DD3759 /* Release */,
			);
			defaultConfigurationIsVisible = 0;
			defaultConfigurationName = Release;
		};
/* End XCConfigurationList section */
	};
	rootObject = 1576E9D92A912ACA00DD3759 /* Project object */;
}
